
Microsoft Visual Studio Solution File, Format Version 12.00
# Visual Studio Version 16
VisualStudioVersion = 16.0.30011.22
MinimumVisualStudioVersion = 10.0.40219.1
Project("{9A19103F-16F7-4668-BE54-9A1E7A4F7556}") = "TwitchAchievementTrackerBackend", "TwitchAchievementTrackerBackend\TwitchAchievementTrackerBackend.csproj", "{DDA92397-F850-4E53-AFF8-527D5E067389}"
EndProject
Project("{9A19103F-16F7-4668-BE54-9A1E7A4F7556}") = "TwitchAchievementTrackerBackendTests", "TwitchAchievementTrackerBackendTests\TwitchAchievementTrackerBackendTests.csproj", "{3C9F727E-58B3-48B5-A20A-A30580F44AA6}"
EndProject
Project("{FAE04EC0-301F-11D3-BF4B-00C04F79EFBC}") = "TwitchAchievementTrackerLoadTestAgent", "TwitchAchievementTrackerLoadTestAgent\TwitchAchievementTrackerLoadTestAgent.csproj", "{99C5CF5D-DE81-4AB1-89FF-C5DDA9B1ADEC}"
EndProject
Global
	GlobalSection(SolutionConfigurationPlatforms) = preSolution
		Debug|Any CPU = Debug|Any CPU
		Release|Any CPU = Release|Any CPU
	EndGlobalSection
	GlobalSection(ProjectConfigurationPlatforms) = postSolution
		{DDA92397-F850-4E53-AFF8-527D5E067389}.Debug|Any CPU.ActiveCfg = Debug|Any CPU
		{DDA92397-F850-4E53-AFF8-527D5E067389}.Debug|Any CPU.Build.0 = Debug|Any CPU
		{DDA92397-F850-4E53-AFF8-527D5E067389}.Release|Any CPU.ActiveCfg = Release|Any CPU
		{DDA92397-F850-4E53-AFF8-527D5E067389}.Release|Any CPU.Build.0 = Release|Any CPU
		{3C9F727E-58B3-48B5-A20A-A30580F44AA6}.Debug|Any CPU.ActiveCfg = Debug|Any CPU
		{3C9F727E-58B3-48B5-A20A-A30580F44AA6}.Debug|Any CPU.Build.0 = Debug|Any CPU
		{3C9F727E-58B3-48B5-A20A-A30580F44AA6}.Release|Any CPU.ActiveCfg = Release|Any CPU
		{3C9F727E-58B3-48B5-A20A-A30580F44AA6}.Release|Any CPU.Build.0 = Release|Any CPU
		{99C5CF5D-DE81-4AB1-89FF-C5DDA9B1ADEC}.Debug|Any CPU.ActiveCfg = Debug|Any CPU
		{99C5CF5D-DE81-4AB1-89FF-C5DDA9B1ADEC}.Debug|Any CPU.Build.0 = Debug|Any CPU
		{99C5CF5D-DE81-4AB1-89FF-C5DDA9B1ADEC}.Release|Any CPU.ActiveCfg = Release|Any CPU
		{99C5CF5D-DE81-4AB1-89FF-C5DDA9B1ADEC}.Release|Any CPU.Build.0 = Release|Any CPU
	EndGlobalSection
	GlobalSection(SolutionProperties) = preSolution
		HideSolutionNode = FALSE
	EndGlobalSection
	GlobalSection(ExtensibilityGlobals) = postSolution
		SolutionGuid = {0CCEFD5A-A6AB-48C3-95F3-FF411BE1338A}
	EndGlobalSection
EndGlobal
